uuid: 4e73eadf-0ddf-4a70-ac0d-eddfffe29548
langcode: en
status: true
dependencies:
  module:
    - node
    - qr_block
  theme:
    - server_theme
id: qrcodebasicblock
region: sidebar
weight: 0
provider: null
plugin: qrcode_block_basic
settings:
  id: qrcode_block_basic
  label: 'QR Code Basic Block'
  label_display: '0'
  provider: qr_block
visibility:
  'entity_bundle:node':
    id: 'entity_bundle:node'
    negate: false
    context_mapping:
      node: '@node.node_route_context:node'
    bundles:
      product: product
